
Microsoft Visual Studio Solution File, Format Version 12.00
# Visual Studio 15
VisualStudioVersion = 15.0.27703.2018
MinimumVisualStudioVersion = 10.0.40219.1
Project("{8BC9CEB8-8B4A-11D0-8D11-00A0C91BC942}") = "Program3C.c", "Program3C.c\Program3C.c.vcxproj", "{FF54555D-4955-4623-9443-C86621600F16}"
EndProject
Global
	GlobalSection(SolutionConfigurationPlatforms) = preSolution
		Debug|x64 = Debug|x64
		Debug|x86 = Debug|x86
		Release|x64 = Release|x64
		Release|x86 = Release|x86
	EndGlobalSection
	GlobalSection(ProjectConfigurationPlatforms) = postSolution
		{FF54555D-4955-4623-9443-C86621600F16}.Debug|x64.ActiveCfg = Debug|x64
		{FF54555D-4955-4623-9443-C86621600F16}.Debug|x64.Build.0 = Debug|x64
		{FF54555D-4955-4623-9443-C86621600F16}.Debug|x86.ActiveCfg = Debug|Win32
		{FF54555D-4955-4623-9443-C86621600F16}.Debug|x86.Build.0 = Debug|Win32
		{FF54555D-4955-4623-9443-C86621600F16}.Release|x64.ActiveCfg = Release|x64
		{FF54555D-4955-4623-9443-C86621600F16}.Release|x64.Build.0 = Release|x64
		{FF54555D-4955-4623-9443-C86621600F16}.Release|x86.ActiveCfg = Release|Win32
		{FF54555D-4955-4623-9443-C86621600F16}.Release|x86.Build.0 = Release|Win32
	EndGlobalSection
	GlobalSection(SolutionProperties) = preSolution
		HideSolutionNode = FALSE
	EndGlobalSection
	GlobalSection(ExtensibilityGlobals) = postSolution
		SolutionGuid = {CF93F00C-E8F9-4575-BB98-FC30498E8466}
	EndGlobalSection
EndGlobal
